
Microsoft Visual Studio Solution File, Format Version 12.00
# Visual Studio Version 17
VisualStudioVersion = 17.4.33205.214
MinimumVisualStudioVersion = 10.0.40219.1
Project("{FAE04EC0-301F-11D3-BF4B-00C04F79EFBC}") = "UsersDBApp", "UsersDBApp\UsersDBApp.csproj", "{A0454DDD-5173-48B1-B4AF-3D1A9EAA3027}"
EndProject
Project("{FAE04EC0-301F-11D3-BF4B-00C04F79EFBC}") = "UsersDBApi", "UsersDBApi\UsersDBApi.csproj", "{45D84EEB-17BE-43AF-8F3F-A110D4993EAC}"
EndProject
Project("{FAE04EC0-301F-11D3-BF4B-00C04F79EFBC}") = "UsersDBApiTests", "UsersDBApiTests\UsersDBApiTests.csproj", "{3FC29A83-5EC2-4012-9098-096F6989EB6F}"
EndProject
Global
	GlobalSection(SolutionConfigurationPlatforms) = preSolution
		Debug|Any CPU = Debug|Any CPU
		Release|Any CPU = Release|Any CPU
	EndGlobalSection
	GlobalSection(ProjectConfigurationPlatforms) = postSolution
		{A0454DDD-5173-48B1-B4AF-3D1A9EAA3027}.Debug|Any CPU.ActiveCfg = Debug|Any CPU
		{A0454DDD-5173-48B1-B4AF-3D1A9EAA3027}.Debug|Any CPU.Build.0 = Debug|Any CPU
		{A0454DDD-5173-48B1-B4AF-3D1A9EAA3027}.Release|Any CPU.ActiveCfg = Release|Any CPU
		{A0454DDD-5173-48B1-B4AF-3D1A9EAA3027}.Release|Any CPU.Build.0 = Release|Any CPU
		{45D84EEB-17BE-43AF-8F3F-A110D4993EAC}.Debug|Any CPU.ActiveCfg = Debug|Any CPU
		{45D84EEB-17BE-43AF-8F3F-A110D4993EAC}.Debug|Any CPU.Build.0 = Debug|Any CPU
		{45D84EEB-17BE-43AF-8F3F-A110D4993EAC}.Release|Any CPU.ActiveCfg = Release|Any CPU
		{45D84EEB-17BE-43AF-8F3F-A110D4993EAC}.Release|Any CPU.Build.0 = Release|Any CPU
		{3FC29A83-5EC2-4012-9098-096F6989EB6F}.Debug|Any CPU.ActiveCfg = Debug|Any CPU
		{3FC29A83-5EC2-4012-9098-096F6989EB6F}.Debug|Any CPU.Build.0 = Debug|Any CPU
		{3FC29A83-5EC2-4012-9098-096F6989EB6F}.Release|Any CPU.ActiveCfg = Release|Any CPU
		{3FC29A83-5EC2-4012-9098-096F6989EB6F}.Release|Any CPU.Build.0 = Release|Any CPU
	EndGlobalSection
	GlobalSection(SolutionProperties) = preSolution
		HideSolutionNode = FALSE
	EndGlobalSection
	GlobalSection(ExtensibilityGlobals) = postSolution
		SolutionGuid = {01AB19CF-45F7-47BE-BDE1-1A40CCE03F10}
	EndGlobalSection
EndGlobal
